// !$*UTF8*$!
{
	archiveVersion = 1;
	classes = {
	};
	objectVersion = 46;
	objects = {

/* Begin PBXBuildFile section */
		F478EAA21AF3ADB20059218B /* main.m in Sources */ = {isa = PBXBuildFile; fileRef = F478EAA11AF3ADB20059218B /* main.m */; };
		F478EAA51AF3ADB20059218B /* AppDelegate.m in Sources */ = {isa = PBXBuildFile; fileRef = F478EAA41AF3ADB20059218B /* AppDelegate.m */; };
		F478EAA81AF3ADB20059218B /* ViewController.m in Sources */ = {isa = PBXBuildFile; fileRef = F478EAA71AF3ADB20059218B /* ViewController.m */; };
		F478EAAB1AF3ADB20059218B /* Main.storyboard in Resources */ = {isa = PBXBuildFile; fileRef = F478EAA91AF3ADB20059218B /* Main.storyboard */; };
		F478EAAD1AF3ADB20059218B /* Images.xcassets in Resources */ = {isa = PBXBuildFile; fileRef = F478EAAC1AF3ADB20059218B /* Images.xcassets */; };
		F478EAB01AF3ADB20059218B /* LaunchScreen.xib in Resources */ = {isa = PBXBuildFile; fileRef = F478EAAE1AF3ADB20059218B /* LaunchScreen.xib */; };
		F478EABC1AF3ADB20059218B /* ServiceLayerExTests.m in Sources */ = {isa = PBXBuildFile; fileRef = F478EABB1AF3ADB20059218B /* ServiceLayerExTests.m */; };
		F478EAD01AF3ADEE0059218B /* WeatherInfo.m in Sources */ = {isa = PBXBuildFile; fileRef = F478EAC71AF3ADEE0059218B /* WeatherInfo.m */; };
		F478EAD11AF3ADEE0059218B /* ServiceLayerFacade.m in Sources */ = {isa = PBXBuildFile; fileRef = F478EACB1AF3ADEE0059218B /* ServiceLayerFacade.m */; };
		F478EAD21AF3ADEE0059218B /* WeatherServieJasonSerializer.m in Sources */ = {isa = PBXBuildFile; fileRef = F478EACD1AF3ADEE0059218B /* WeatherServieJasonSerializer.m */; };
		F478EAD31AF3ADEE0059218B /* WetherWebService.m in Sources */ = {isa = PBXBuildFile; fileRef = F478EACF1AF3ADEE0059218B /* WetherWebService.m */; };
		F478EAF81AF3AE130059218B /* AFHTTPRequestOperation.m in Sources */ = {isa = PBXBuildFile; fileRef = F478EAD61AF3AE130059218B /* AFHTTPRequestOperation.m */; };
		F478EAF91AF3AE130059218B /* AFHTTPRequestOperationManager.m in Sources */ = {isa = PBXBuildFile; fileRef = F478EAD81AF3AE130059218B /* AFHTTPRequestOperationManager.m */; };
		F478EAFA1AF3AE130059218B /* AFHTTPSessionManager.m in Sources */ = {isa = PBXBuildFile; fileRef = F478EADA1AF3AE130059218B /* AFHTTPSessionManager.m */; };
		F478EAFB1AF3AE130059218B /* AFNetworkReachabilityManager.m in Sources */ = {isa = PBXBuildFile; fileRef = F478EADD1AF3AE130059218B /* AFNetworkReachabilityManager.m */; };
		F478EAFC1AF3AE130059218B /* AFSecurityPolicy.m in Sources */ = {isa = PBXBuildFile; fileRef = F478EADF1AF3AE130059218B /* AFSecurityPolicy.m */; };
		F478EAFD1AF3AE130059218B /* AFURLConnectionOperation.m in Sources */ = {isa = PBXBuildFile; fileRef = F478EAE11AF3AE130059218B /* AFURLConnectionOperation.m */; };
		F478EAFE1AF3AE130059218B /* AFURLRequestSerialization.m in Sources */ = {isa = PBXBuildFile; fileRef = F478EAE31AF3AE130059218B /* AFURLRequestSerialization.m */; };
		F478EAFF1AF3AE130059218B /* AFURLResponseSerialization.m in Sources */ = {isa = PBXBuildFile; fileRef = F478EAE51AF3AE130059218B /* AFURLResponseSerialization.m */; };
		F478EB001AF3AE130059218B /* AFURLSessionManager.m in Sources */ = {isa = PBXBuildFile; fileRef = F478EAE71AF3AE130059218B /* AFURLSessionManager.m */; };
		F478EB011AF3AE130059218B /* AFNetworkActivityIndicatorManager.m in Sources */ = {isa = PBXBuildFile; fileRef = F478EAEA1AF3AE130059218B /* AFNetworkActivityIndicatorManager.m */; };
		F478EB021AF3AE130059218B /* UIActivityIndicatorView+AFNetworking.m in Sources */ = {isa = PBXBuildFile; fileRef = F478EAEC1AF3AE130059218B /* UIActivityIndicatorView+AFNetworking.m */; };
		F478EB031AF3AE130059218B /* UIAlertView+AFNetworking.m in Sources */ = {isa = PBXBuildFile; fileRef = F478EAEE1AF3AE130059218B /* UIAlertView+AFNetworking.m */; };
		F478EB041AF3AE130059218B /* UIButton+AFNetworking.m in Sources */ = {isa = PBXBuildFile; fileRef = F478EAF01AF3AE130059218B /* UIButton+AFNetworking.m */; };
		F478EB051AF3AE130059218B /* UIImageView+AFNetworking.m in Sources */ = {isa = PBXBuildFile; fileRef = F478EAF21AF3AE130059218B /* UIImageView+AFNetworking.m */; };
		F478EB061AF3AE130059218B /* UIProgressView+AFNetworking.m in Sources */ = {isa = PBXBuildFile; fileRef = F478EAF51AF3AE130059218B /* UIProgressView+AFNetworking.m */; };
		F478EB071AF3AE130059218B /* UIWebView+AFNetworking.m in Sources */ = {isa = PBXBuildFile; fileRef = F478EAF71AF3AE130059218B /* UIWebView+AFNetworking.m */; };
		F478EB0E1AF3B78F0059218B /* WeatherInfo+TableRepresentation.m in Sources */ = {isa = PBXBuildFile; fileRef = F478EB0D1AF3B78F0059218B /* WeatherInfo+TableRepresentation.m */; };
/* End PBXBuildFile section */

/* Begin PBXContainerItemProxy section */
		F478EAB61AF3ADB20059218B /* PBXContainerItemProxy */ = {
			isa = PBXContainerItemProxy;
			containerPortal = F478EA941AF3ADB10059218B /* Project object */;
			proxyType = 1;
			remoteGlobalIDString = F478EA9B1AF3ADB20059218B;
			remoteInfo = ServiceLayerEx;
		};
/* End PBXContainerItemProxy section */

/* Begin PBXFileReference section */
		F478EA9C1AF3ADB20059218B /* ServiceLayerEx.app */ = {isa = PBXFileReference; explicitFileType = wrapper.application; includeInIndex = 0; path = ServiceLayerEx.app; sourceTree = BUILT_PRODUCTS_DIR; };
		F478EAA01AF3ADB20059218B /* Info.plist */ = {isa = PBXFileReference; lastKnownFileType = text.plist.xml; path = Info.plist; sourceTree = "<group>"; };
		F478EAA11AF3ADB20059218B /* main.m */ = {isa = PBXFileReference; lastKnownFileType = sourcecode.c.objc; path = main.m; sourceTree = "<group>"; };
		F478EAA31AF3ADB20059218B /* AppDelegate.h */ = {isa = PBXFileReference; lastKnownFileType = sourcecode.c.h; path = AppDelegate.h; sourceTree = "<group>"; };
		F478EAA41AF3ADB20059218B /* AppDelegate.m */ = {isa = PBXFileReference; lastKnownFileType = sourcecode.c.objc; path = AppDelegate.m; sourceTree = "<group>"; };
		F478EAA61AF3ADB20059218B /* ViewController.h */ = {isa = PBXFileReference; lastKnownFileType = sourcecode.c.h; path = ViewController.h; sourceTree = "<group>"; };
		F478EAA71AF3ADB20059218B /* ViewController.m */ = {isa = PBXFileReference; lastKnownFileType = sourcecode.c.objc; path = ViewController.m; sourceTree = "<group>"; };
		F478EAAA1AF3ADB20059218B /* Base */ = {isa = PBXFileReference; lastKnownFileType = file.storyboard; name = Base; path = Base.lproj/Main.storyboard; sourceTree = "<group>"; };
		F478EAAC1AF3ADB20059218B /* Images.xcassets */ = {isa = PBXFileReference; lastKnownFileType = folder.assetcatalog; path = Images.xcassets; sourceTree = "<group>"; };
		F478EAAF1AF3ADB20059218B /* Base */ = {isa = PBXFileReference; lastKnownFileType = file.xib; name = Base; path = Base.lproj/LaunchScreen.xib; sourceTree = "<group>"; };
		F478EAB51AF3ADB20059218B /* ServiceLayerExTests.xctest */ = {isa = PBXFileReference; explicitFileType = wrapper.cfbundle; includeInIndex = 0; path = ServiceLayerExTests.xctest; sourceTree = BUILT_PRODUCTS_DIR; };
		F478EABA1AF3ADB20059218B /* Info.plist */ = {isa = PBXFileReference; lastKnownFileType = text.plist.xml; path = Info.plist; sourceTree = "<group>"; };
		F478EABB1AF3ADB20059218B /* ServiceLayerExTests.m */ = {isa = PBXFileReference; lastKnownFileType = sourcecode.c.objc; path = ServiceLayerExTests.m; sourceTree = "<group>"; };
		F478EAC61AF3ADEE0059218B /* WeatherInfo.h */ = {isa = PBXFileReference; fileEncoding = 4; lastKnownFileType = sourcecode.c.h; path = WeatherInfo.h; sourceTree = "<group>"; };
		F478EAC71AF3ADEE0059218B /* WeatherInfo.m */ = {isa = PBXFileReference; fileEncoding = 4; lastKnownFileType = sourcecode.c.objc; path = WeatherInfo.m; sourceTree = "<group>"; };
		F478EAC91AF3ADEE0059218B /* Service.h */ = {isa = PBXFileReference; fileEncoding = 4; lastKnownFileType = sourcecode.c.h; path = Service.h; sourceTree = "<group>"; };
		F478EACA1AF3ADEE0059218B /* ServiceLayerFacade.h */ = {isa = PBXFileReference; fileEncoding = 4; lastKnownFileType = sourcecode.c.h; path = ServiceLayerFacade.h; sourceTree = "<group>"; };
		F478EACB1AF3ADEE0059218B /* ServiceLayerFacade.m */ = {isa = PBXFileReference; fileEncoding = 4; lastKnownFileType = sourcecode.c.objc; path = ServiceLayerFacade.m; sourceTree = "<group>"; };
		F478EACC1AF3ADEE0059218B /* WeatherServieJasonSerializer.h */ = {isa = PBXFileReference; fileEncoding = 4; lastKnownFileType = sourcecode.c.h; path = WeatherServieJasonSerializer.h; sourceTree = "<group>"; };
		F478EACD1AF3ADEE0059218B /* WeatherServieJasonSerializer.m */ = {isa = PBXFileReference; fileEncoding = 4; lastKnownFileType = sourcecode.c.objc; path = WeatherServieJasonSerializer.m; sourceTree = "<group>"; };
		F478EACE1AF3ADEE0059218B /* WetherWebService.h */ = {isa = PBXFileReference; fileEncoding = 4; lastKnownFileType = sourcecode.c.h; path = WetherWebService.h; sourceTree = "<group>"; };
		F478EACF1AF3ADEE0059218B /* WetherWebService.m */ = {isa = PBXFileReference; fileEncoding = 4; lastKnownFileType = sourcecode.c.objc; path = WetherWebService.m; sourceTree = "<group>"; };
		F478EAD51AF3AE130059218B /* AFHTTPRequestOperation.h */ = {isa = PBXFileReference; fileEncoding = 4; lastKnownFileType = sourcecode.c.h; path = AFHTTPRequestOperation.h; sourceTree = "<group>"; };
		F478EAD61AF3AE130059218B /* AFHTTPRequestOperation.m */ = {isa = PBXFileReference; fileEncoding = 4; lastKnownFileType = sourcecode.c.objc; path = AFHTTPRequestOperation.m; sourceTree = "<group>"; };
		F478EAD71AF3AE130059218B /* AFHTTPRequestOperationManager.h */ = {isa = PBXFileReference; fileEncoding = 4; lastKnownFileType = sourcecode.c.h; path = AFHTTPRequestOperationManager.h; sourceTree = "<group>"; };
		F478EAD81AF3AE130059218B /* AFHTTPRequestOperationManager.m */ = {isa = PBXFileReference; fileEncoding = 4; lastKnownFileType = sourcecode.c.objc; path = AFHTTPRequestOperationManager.m; sourceTree = "<group>"; };
		F478EAD91AF3AE130059218B /* AFHTTPSessionManager.h */ = {isa = PBXFileReference; fileEncoding = 4; lastKnownFileType = sourcecode.c.h; path = AFHTTPSessionManager.h; sourceTree = "<group>"; };
		F478EADA1AF3AE130059218B /* AFHTTPSessionManager.m */ = {isa = PBXFileReference; fileEncoding = 4; lastKnownFileType = sourcecode.c.objc; path = AFHTTPSessionManager.m; sourceTree = "<group>"; };
		F478EADB1AF3AE130059218B /* AFNetworking.h */ = {isa = PBXFileReference; fileEncoding = 4; lastKnownFileType = sourcecode.c.h; path = AFNetworking.h; sourceTree = "<group>"; };
		F478EADC1AF3AE130059218B /* AFNetworkReachabilityManager.h */ = {isa = PBXFileReference; fileEncoding = 4; lastKnownFileType = sourcecode.c.h; path = AFNetworkReachabilityManager.h; sourceTree = "<group>"; };
		F478EADD1AF3AE130059218B /* AFNetworkReachabilityManager.m */ = {isa = PBXFileReference; fileEncoding = 4; lastKnownFileType = sourcecode.c.objc; path = AFNetworkReachabilityManager.m; sourceTree = "<group>"; };
		F478EADE1AF3AE130059218B /* AFSecurityPolicy.h */ = {isa = PBXFileReference; fileEncoding = 4; lastKnownFileType = sourcecode.c.h; path = AFSecurityPolicy.h; sourceTree = "<group>"; };
		F478EADF1AF3AE130059218B /* AFSecurityPolicy.m */ = {isa = PBXFileReference; fileEncoding = 4; lastKnownFileType = sourcecode.c.objc; path = AFSecurityPolicy.m; sourceTree = "<group>"; };
		F478EAE01AF3AE130059218B /* AFURLConnectionOperation.h */ = {isa = PBXFileReference; fileEncoding = 4; lastKnownFileType = sourcecode.c.h; path = AFURLConnectionOperation.h; sourceTree = "<group>"; };
		F478EAE11AF3AE130059218B /* AFURLConnectionOperation.m */ = {isa = PBXFileReference; fileEncoding = 4; lastKnownFileType = sourcecode.c.objc; path = AFURLConnectionOperation.m; sourceTree = "<group>"; };
		F478EAE21AF3AE130059218B /* AFURLRequestSerialization.h */ = {isa = PBXFileReference; fileEncoding = 4; lastKnownFileType = sourcecode.c.h; path = AFURLRequestSerialization.h; sourceTree = "<group>"; };
		F478EAE31AF3AE130059218B /* AFURLRequestSerialization.m */ = {isa = PBXFileReference; fileEncoding = 4; lastKnownFileType = sourcecode.c.objc; path = AFURLRequestSerialization.m; sourceTree = "<group>"; };
		F478EAE41AF3AE130059218B /* AFURLResponseSerialization.h */ = {isa = PBXFileReference; fileEncoding = 4; lastKnownFileType = sourcecode.c.h; path = AFURLResponseSerialization.h; sourceTree = "<group>"; };
		F478EAE51AF3AE130059218B /* AFURLResponseSerialization.m */ = {isa = PBXFileReference; fileEncoding = 4; lastKnownFileType = sourcecode.c.objc; path = AFURLResponseSerialization.m; sourceTree = "<group>"; };
		F478EAE61AF3AE130059218B /* AFURLSessionManager.h */ = {isa = PBXFileReference; fileEncoding = 4; lastKnownFileType = sourcecode.c.h; path = AFURLSessionManager.h; sourceTree = "<group>"; };
		F478EAE71AF3AE130059218B /* AFURLSessionManager.m */ = {isa = PBXFileReference; fileEncoding = 4; lastKnownFileType = sourcecode.c.objc; path = AFURLSessionManager.m; sourceTree = "<group>"; };
		F478EAE91AF3AE130059218B /* AFNetworkActivityIndicatorManager.h */ = {isa = PBXFileReference; fileEncoding = 4; lastKnownFileType = sourcecode.c.h; path = AFNetworkActivityIndicatorManager.h; sourceTree = "<group>"; };
		F478EAEA1AF3AE130059218B /* AFNetworkActivityIndicatorManager.m */ = {isa = PBXFileReference; fileEncoding = 4; lastKnownFileType = sourcecode.c.objc; path = AFNetworkActivityIndicatorManager.m; sourceTree = "<group>"; };
		F478EAEB1AF3AE130059218B /* UIActivityIndicatorView+AFNetworking.h */ = {isa = PBXFileReference; fileEncoding = 4; lastKnownFileType = sourcecode.c.h; path = "UIActivityIndicatorView+AFNetworking.h"; sourceTree = "<group>"; };
		F478EAEC1AF3AE130059218B /* UIActivityIndicatorView+AFNetworking.m */ = {isa = PBXFileReference; fileEncoding = 4; lastKnownFileType = sourcecode.c.objc; path = "UIActivityIndicatorView+AFNetworking.m"; sourceTree = "<group>"; };
		F478EAED1AF3AE130059218B /* UIAlertView+AFNetworking.h */ = {isa = PBXFileReference; fileEncoding = 4; lastKnownFileType = sourcecode.c.h; path = "UIAlertView+AFNetworking.h"; sourceTree = "<group>"; };
		F478EAEE1AF3AE130059218B /* UIAlertView+AFNetworking.m */ = {isa = PBXFileReference; fileEncoding = 4; lastKnownFileType = sourcecode.c.objc; path = "UIAlertView+AFNetworking.m"; sourceTree = "<group>"; };
		F478EAEF1AF3AE130059218B /* UIButton+AFNetworking.h */ = {isa = PBXFileReference; fileEncoding = 4; lastKnownFileType = sourcecode.c.h; path = "UIButton+AFNetworking.h"; sourceTree = "<group>"; };
		F478EAF01AF3AE130059218B /* UIButton+AFNetworking.m */ = {isa = PBXFileReference; fileEncoding = 4; lastKnownFileType = sourcecode.c.objc; path = "UIButton+AFNetworking.m"; sourceTree = "<group>"; };
		F478EAF11AF3AE130059218B /* UIImageView+AFNetworking.h */ = {isa = PBXFileReference; fileEncoding = 4; lastKnownFileType = sourcecode.c.h; path = "UIImageView+AFNetworking.h"; sourceTree = "<group>"; };
		F478EAF21AF3AE130059218B /* UIImageView+AFNetworking.m */ = {isa = PBXFileReference; fileEncoding = 4; lastKnownFileType = sourcecode.c.objc; path = "UIImageView+AFNetworking.m"; sourceTree = "<group>"; };
		F478EAF31AF3AE130059218B /* UIKit+AFNetworking.h */ = {isa = PBXFileReference; fileEncoding = 4; lastKnownFileType = sourcecode.c.h; path = "UIKit+AFNetworking.h"; sourceTree = "<group>"; };
		F478EAF41AF3AE130059218B /* UIProgressView+AFNetworking.h */ = {isa = PBXFileReference; fileEncoding = 4; lastKnownFileType = sourcecode.c.h; path = "UIProgressView+AFNetworking.h"; sourceTree = "<group>"; };
		F478EAF51AF3AE130059218B /* UIProgressView+AFNetworking.m */ = {isa = PBXFileReference; fileEncoding = 4; lastKnownFileType = sourcecode.c.objc; path = "UIProgressView+AFNetworking.m"; sourceTree = "<group>"; };
		F478EAF61AF3AE130059218B /* UIWebView+AFNetworking.h */ = {isa = PBXFileReference; fileEncoding = 4; lastKnownFileType = sourcecode.c.h; path = "UIWebView+AFNetworking.h"; sourceTree = "<group>"; };
		F478EAF71AF3AE130059218B /* UIWebView+AFNetworking.m */ = {isa = PBXFileReference; fileEncoding = 4; lastKnownFileType = sourcecode.c.objc; path = "UIWebView+AFNetworking.m"; sourceTree = "<group>"; };
		F478EB091AF3B6B70059218B /* TableLayout.h */ = {isa = PBXFileReference; fileEncoding = 4; lastKnownFileType = sourcecode.c.h; name = TableLayout.h; path = Protocols/TableLayout.h; sourceTree = "<group>"; };
		F478EB0C1AF3B78F0059218B /* WeatherInfo+TableRepresentation.h */ = {isa = PBXFileReference; fileEncoding = 4; lastKnownFileType = sourcecode.c.h; name = "WeatherInfo+TableRepresentation.h"; path = "Categories/WeatherInfo+TableRepresentation.h"; sourceTree = "<group>"; };
		F478EB0D1AF3B78F0059218B /* WeatherInfo+TableRepresentation.m */ = {isa = PBXFileReference; fileEncoding = 4; lastKnownFileType = sourcecode.c.objc; name = "WeatherInfo+TableRepresentation.m"; path = "Categories/WeatherInfo+TableRepresentation.m"; sourceTree = "<group>"; };
/* End PBXFileReference section */

/* Begin PBXFrameworksBuildPhase section */
		F478EA991AF3ADB20059218B /* Frameworks */ = {
			isa = PBXFrameworksBuildPhase;
			buildActionMask = 2147483647;
			files = (
			);
			runOnlyForDeploymentPostprocessing = 0;
		};
		F478EAB21AF3ADB20059218B /* Frameworks */ = {
			isa = PBXFrameworksBuildPhase;
			buildActionMask = 2147483647;
			files = (
			);
			runOnlyForDeploymentPostprocessing = 0;
		};
/* End PBXFrameworksBuildPhase section */

/* Begin PBXGroup section */
		F478EA931AF3ADB10059218B = {
			isa = PBXGroup;
			children = (
				F478EA9E1AF3ADB20059218B /* ServiceLayerEx */,
				F478EAB81AF3ADB20059218B /* ServiceLayerExTests */,
				F478EA9D1AF3ADB20059218B /* Products */,
			);
			sourceTree = "<group>";
		};
		F478EA9D1AF3ADB20059218B /* Products */ = {
			isa = PBXGroup;
			children = (
				F478EA9C1AF3ADB20059218B /* ServiceLayerEx.app */,
				F478EAB51AF3ADB20059218B /* ServiceLayerExTests.xctest */,
			);
			name = Products;
			sourceTree = "<group>";
		};
		F478EA9E1AF3ADB20059218B /* ServiceLayerEx */ = {
			isa = PBXGroup;
			children = (
				F478EB0B1AF3B7290059218B /* Categories */,
				F478EB081AF3B64F0059218B /* Protocols */,
				F478EAD41AF3AE130059218B /* AFNetworking */,
				F478EAE81AF3AE130059218B /* UIKit+AFNetworking */,
				F478EAC51AF3ADEE0059218B /* Model */,
				F478EAC81AF3ADEE0059218B /* ServiceLayer */,
				F478EAA31AF3ADB20059218B /* AppDelegate.h */,
				F478EAA41AF3ADB20059218B /* AppDelegate.m */,
				F478EAA61AF3ADB20059218B /* ViewController.h */,
				F478EAA71AF3ADB20059218B /* ViewController.m */,
				F478EAA91AF3ADB20059218B /* Main.storyboard */,
				F478EAAC1AF3ADB20059218B /* Images.xcassets */,
				F478EAAE1AF3ADB20059218B /* LaunchScreen.xib */,
				F478EA9F1AF3ADB20059218B /* Supporting Files */,
			);
			path = ServiceLayerEx;
			sourceTree = "<group>";
		};
		F478EA9F1AF3ADB20059218B /* Supporting Files */ = {
			isa = PBXGroup;
			children = (
				F478EAA01AF3ADB20059218B /* Info.plist */,
				F478EAA11AF3ADB20059218B /* main.m */,
			);
			name = "Supporting Files";
			sourceTree = "<group>";
		};
		F478EAB81AF3ADB20059218B /* ServiceLayerExTests */ = {
			isa = PBXGroup;
			children = (
				F478EABB1AF3ADB20059218B /* ServiceLayerExTests.m */,
				F478EAB91AF3ADB20059218B /* Supporting Files */,
			);
			path = ServiceLayerExTests;
			sourceTree = "<group>";
		};
		F478EAB91AF3ADB20059218B /* Supporting Files */ = {
			isa = PBXGroup;
			children = (
				F478EABA1AF3ADB20059218B /* Info.plist */,
			);
			name = "Supporting Files";
			sourceTree = "<group>";
		};
		F478EAC51AF3ADEE0059218B /* Model */ = {
			isa = PBXGroup;
			children = (
				F478EAC61AF3ADEE0059218B /* WeatherInfo.h */,
				F478EAC71AF3ADEE0059218B /* WeatherInfo.m */,
			);
			path = Model;
			sourceTree = "<group>";
		};
		F478EAC81AF3ADEE0059218B /* ServiceLayer */ = {
			isa = PBXGroup;
			children = (
				F478EAC91AF3ADEE0059218B /* Service.h */,
				F478EACA1AF3ADEE0059218B /* ServiceLayerFacade.h */,
				F478EACB1AF3ADEE0059218B /* ServiceLayerFacade.m */,
				F478EACC1AF3ADEE0059218B /* WeatherServieJasonSerializer.h */,
				F478EACD1AF3ADEE0059218B /* WeatherServieJasonSerializer.m */,
				F478EACE1AF3ADEE0059218B /* WetherWebService.h */,
				F478EACF1AF3ADEE0059218B /* WetherWebService.m */,
			);
			path = ServiceLayer;
			sourceTree = "<group>";
		};
		F478EAD41AF3AE130059218B /* AFNetworking */ = {
			isa = PBXGroup;
			children = (
				F478EAD51AF3AE130059218B /* AFHTTPRequestOperation.h */,
				F478EAD61AF3AE130059218B /* AFHTTPRequestOperation.m */,
				F478EAD71AF3AE130059218B /* AFHTTPRequestOperationManager.h */,
				F478EAD81AF3AE130059218B /* AFHTTPRequestOperationManager.m */,
				F478EAD91AF3AE130059218B /* AFHTTPSessionManager.h */,
				F478EADA1AF3AE130059218B /* AFHTTPSessionManager.m */,
				F478EADB1AF3AE130059218B /* AFNetworking.h */,
				F478EADC1AF3AE130059218B /* AFNetworkReachabilityManager.h */,
				F478EADD1AF3AE130059218B /* AFNetworkReachabilityManager.m */,
				F478EADE1AF3AE130059218B /* AFSecurityPolicy.h */,
				F478EADF1AF3AE130059218B /* AFSecurityPolicy.m */,
				F478EAE01AF3AE130059218B /* AFURLConnectionOperation.h */,
				F478EAE11AF3AE130059218B /* AFURLConnectionOperation.m */,
				F478EAE21AF3AE130059218B /* AFURLRequestSerialization.h */,
				F478EAE31AF3AE130059218B /* AFURLRequestSerialization.m */,
				F478EAE41AF3AE130059218B /* AFURLResponseSerialization.h */,
				F478EAE51AF3AE130059218B /* AFURLResponseSerialization.m */,
				F478EAE61AF3AE130059218B /* AFURLSessionManager.h */,
				F478EAE71AF3AE130059218B /* AFURLSessionManager.m */,
			);
			path = AFNetworking;
			sourceTree = "<group>";
		};
		F478EAE81AF3AE130059218B /* UIKit+AFNetworking */ = {
			isa = PBXGroup;
			children = (
				F478EAE91AF3AE130059218B /* AFNetworkActivityIndicatorManager.h */,
				F478EAEA1AF3AE130059218B /* AFNetworkActivityIndicatorManager.m */,
				F478EAEB1AF3AE130059218B /* UIActivityIndicatorView+AFNetworking.h */,
				F478EAEC1AF3AE130059218B /* UIActivityIndicatorView+AFNetworking.m */,
				F478EAED1AF3AE130059218B /* UIAlertView+AFNetworking.h */,
				F478EAEE1AF3AE130059218B /* UIAlertView+AFNetworking.m */,
				F478EAEF1AF3AE130059218B /* UIButton+AFNetworking.h */,
				F478EAF01AF3AE130059218B /* UIButton+AFNetworking.m */,
				F478EAF11AF3AE130059218B /* UIImageView+AFNetworking.h */,
				F478EAF21AF3AE130059218B /* UIImageView+AFNetworking.m */,
				F478EAF31AF3AE130059218B /* UIKit+AFNetworking.h */,
				F478EAF41AF3AE130059218B /* UIProgressView+AFNetworking.h */,
				F478EAF51AF3AE130059218B /* UIProgressView+AFNetworking.m */,
				F478EAF61AF3AE130059218B /* UIWebView+AFNetworking.h */,
				F478EAF71AF3AE130059218B /* UIWebView+AFNetworking.m */,
			);
			path = "UIKit+AFNetworking";
			sourceTree = "<group>";
		};
		F478EB081AF3B64F0059218B /* Protocols */ = {
			isa = PBXGroup;
			children = (
				F478EB091AF3B6B70059218B /* TableLayout.h */,
			);
			name = Protocols;
			sourceTree = "<group>";
		};
		F478EB0B1AF3B7290059218B /* Categories */ = {
			isa = PBXGroup;
			children = (
				F478EB0C1AF3B78F0059218B /* WeatherInfo+TableRepresentation.h */,
				F478EB0D1AF3B78F0059218B /* WeatherInfo+TableRepresentation.m */,
			);
			name = Categories;
			sourceTree = "<group>";
		};
/* End PBXGroup section */

/* Begin PBXNativeTarget section */
		F478EA9B1AF3ADB20059218B /* ServiceLayerEx */ = {
			isa = PBXNativeTarget;
			buildConfigurationList = F478EABF1AF3ADB20059218B /* Build configuration list for PBXNativeTarget "ServiceLayerEx" */;
			buildPhases = (
				F478EA981AF3ADB20059218B /* Sources */,
				F478EA991AF3ADB20059218B /* Frameworks */,
				F478EA9A1AF3ADB20059218B /* Resources */,
			);
			buildRules = (
			);
			dependencies = (
			);
			name = ServiceLayerEx;
			productName = ServiceLayerEx;
			productReference = F478EA9C1AF3ADB20059218B /* ServiceLayerEx.app */;
			productType = "com.apple.product-type.application";
		};
		F478EAB41AF3ADB20059218B /* ServiceLayerExTests */ = {
			isa = PBXNativeTarget;
			buildConfigurationList = F478EAC21AF3ADB20059218B /* Build configuration list for PBXNativeTarget "ServiceLayerExTests" */;
			buildPhases = (
				F478EAB11AF3ADB20059218B /* Sources */,
				F478EAB21AF3ADB20059218B /* Frameworks */,
				F478EAB31AF3ADB20059218B /* Resources */,
			);
			buildRules = (
			);
			dependencies = (
				F478EAB71AF3ADB20059218B /* PBXTargetDependency */,
			);
			name = ServiceLayerExTests;
			productName = ServiceLayerExTests;
			productReference = F478EAB51AF3ADB20059218B /* ServiceLayerExTests.xctest */;
			productType = "com.apple.product-type.bundle.unit-test";
		};
/* End PBXNativeTarget section */

/* Begin PBXProject section */
		F478EA941AF3ADB10059218B /* Project object */ = {
			isa = PBXProject;
			attributes = {
				LastUpgradeCheck = 0610;
				ORGANIZATIONNAME = "Aruna Withanage";
				TargetAttributes = {
					F478EA9B1AF3ADB20059218B = {
						CreatedOnToolsVersion = 6.1.1;
					};
					F478EAB41AF3ADB20059218B = {
						CreatedOnToolsVersion = 6.1.1;
						TestTargetID = F478EA9B1AF3ADB20059218B;
					};
				};
			};
			buildConfigurationList = F478EA971AF3ADB10059218B /* Build configuration list for PBXProject "ServiceLayerEx" */;
			compatibilityVersion = "Xcode 3.2";
			developmentRegion = English;
			hasScannedForEncodings = 0;
			knownRegions = (
				en,
				Base,
			);
			mainGroup = F478EA931AF3ADB10059218B;
			productRefGroup = F478EA9D1AF3ADB20059218B /* Products */;
			projectDirPath = "";
			projectRoot = "";
			targets = (
				F478EA9B1AF3ADB20059218B /* ServiceLayerEx */,
				F478EAB41AF3ADB20059218B /* ServiceLayerExTests */,
			);
		};
/* End PBXProject section */

/* Begin PBXResourcesBuildPhase section */
		F478EA9A1AF3ADB20059218B /* Resources */ = {
			isa = PBXResourcesBuildPhase;
			buildActionMask = 2147483647;
			files = (
				F478EAAB1AF3ADB20059218B /* Main.storyboard in Resources */,
				F478EAB01AF3ADB20059218B /* LaunchScreen.xib in Resources */,
				F478EAAD1AF3ADB20059218B /* Images.xcassets in Resources */,
			);
			runOnlyForDeploymentPostprocessing = 0;
		};
		F478EAB31AF3ADB20059218B /* Resources */ = {
			isa = PBXResourcesBuildPhase;
			buildActionMask = 2147483647;
			files = (
			);
			runOnlyForDeploymentPostprocessing = 0;
		};
/* End PBXResourcesBuildPhase section */

/* Begin PBXSourcesBuildPhase section */
		F478EA981AF3ADB20059218B /* Sources */ = {
			isa = PBXSourcesBuildPhase;
			buildActionMask = 2147483647;
			files = (
				F478EAFD1AF3AE130059218B /* AFURLConnectionOperation.m in Sources */,
				F478EAD21AF3ADEE0059218B /* WeatherServieJasonSerializer.m in Sources */,
				F478EB0E1AF3B78F0059218B /* WeatherInfo+TableRepresentation.m in Sources */,
				F478EB061AF3AE130059218B /* UIProgressView+AFNetworking.m in Sources */,
				F478EAD01AF3ADEE0059218B /* WeatherInfo.m in Sources */,
				F478EB031AF3AE130059218B /* UIAlertView+AFNetworking.m in Sources */,
				F478EAD31AF3ADEE0059218B /* WetherWebService.m in Sources */,
				F478EAFF1AF3AE130059218B /* AFURLResponseSerialization.m in Sources */,
				F478EB041AF3AE130059218B /* UIButton+AFNetworking.m in Sources */,
				F478EAA81AF3ADB20059218B /* ViewController.m in Sources */,
				F478EB021AF3AE130059218B /* UIActivityIndicatorView+AFNetworking.m in Sources */,
				F478EAFE1AF3AE130059218B /* AFURLRequestSerialization.m in Sources */,
				F478EB011AF3AE130059218B /* AFNetworkActivityIndicatorManager.m in Sources */,
				F478EAFC1AF3AE130059218B /* AFSecurityPolicy.m in Sources */,
				F478EAF81AF3AE130059218B /* AFHTTPRequestOperation.m in Sources */,
				F478EB001AF3AE130059218B /* AFURLSessionManager.m in Sources */,
				F478EAD11AF3ADEE0059218B /* ServiceLayerFacade.m in Sources */,
				F478EB071AF3AE130059218B /* UIWebView+AFNetworking.m in Sources */,
				F478EAA51AF3ADB20059218B /* AppDelegate.m in Sources */,
				F478EAFA1AF3AE130059218B /* AFHTTPSessionManager.m in Sources */,
				F478EAA21AF3ADB20059218B /* main.m in Sources */,
				F478EAFB1AF3AE130059218B /* AFNetworkReachabilityManager.m in Sources */,
				F478EB051AF3AE130059218B /* UIImageView+AFNetworking.m in Sources */,
				F478EAF91AF3AE130059218B /* AFHTTPRequestOperationManager.m in Sources */,
			);
			runOnlyForDeploymentPostprocessing = 0;
		};
		F478EAB11AF3ADB20059218B /* Sources */ = {
			isa = PBXSourcesBuildPhase;
			buildActionMask = 2147483647;
			files = (
				F478EABC1AF3ADB20059218B /* ServiceLayerExTests.m in Sources */,
			);
			runOnlyForDeploymentPostprocessing = 0;
		};
/* End PBXSourcesBuildPhase section */

/* Begin PBXTargetDependency section */
		F478EAB71AF3ADB20059218B /* PBXTargetDependency */ = {
			isa = PBXTargetDependency;
			target = F478EA9B1AF3ADB20059218B /* ServiceLayerEx */;
			targetProxy = F478EAB61AF3ADB20059218B /* PBXContainerItemProxy */;
		};
/* End PBXTargetDependency section */

/* Begin PBXVariantGroup section */
		F478EAA91AF3ADB20059218B /* Main.storyboard */ = {
			isa = PBXVariantGroup;
			children = (
				F478EAAA1AF3ADB20059218B /* Base */,
			);
			name = Main.storyboard;
			sourceTree = "<group>";
		};
		F478EAAE1AF3ADB20059218B /* LaunchScreen.xib */ = {
			isa = PBXVariantGroup;
			children = (
				F478EAAF1AF3ADB20059218B /* Base */,
			);
			name = LaunchScreen.xib;
			sourceTree = "<group>";
		};
/* End PBXVariantGroup section */

/* Begin XCBuildConfiguration section */
		F478EABD1AF3ADB20059218B /* Debug */ = {
			isa = XCBuildConfiguration;
			buildSettings = {
				ALWAYS_SEARCH_USER_PATHS = NO;
				CLANG_CXX_LANGUAGE_STANDARD = "gnu++0x";
				CLANG_CXX_LIBRARY = "libc++";
				CLANG_ENABLE_MODULES = YES;
				CLANG_ENABLE_OBJC_ARC = YES;
				CLANG_WARN_BOOL_CONVERSION = YES;
				CLANG_WARN_CONSTANT_CONVERSION = YES;
				CLANG_WARN_DIRECT_OBJC_ISA_USAGE = YES_ERROR;
				CLANG_WARN_EMPTY_BODY = YES;
				CLANG_WARN_ENUM_CONVERSION = YES;
				CLANG_WARN_INT_CONVERSION = YES;
				CLANG_WARN_OBJC_ROOT_CLASS = YES_ERROR;
				CLANG_WARN_UNREACHABLE_CODE = YES;
				CLANG_WARN__DUPLICATE_METHOD_MATCH = YES;
				"CODE_SIGN_IDENTITY[sdk=iphoneos*]" = "iPhone Developer";
				COPY_PHASE_STRIP = NO;
				ENABLE_STRICT_OBJC_MSGSEND = YES;
				GCC_C_LANGUAGE_STANDARD = gnu99;
				GCC_DYNAMIC_NO_PIC = NO;
				GCC_OPTIMIZATION_LEVEL = 0;
				GCC_PREPROCESSOR_DEFINITIONS = (
					"DEBUG=1",
					"$(inherited)",
				);
				GCC_SYMBOLS_PRIVATE_EXTERN = NO;
				GCC_WARN_64_TO_32_BIT_CONVERSION = YES;
				GCC_WARN_ABOUT_RETURN_TYPE = YES_ERROR;
				GCC_WARN_UNDECLARED_SELECTOR = YES;
				GCC_WARN_UNINITIALIZED_AUTOS = YES_AGGRESSIVE;
				GCC_WARN_UNUSED_FUNCTION = YES;
				GCC_WARN_UNUSED_VARIABLE = YES;
				IPHONEOS_DEPLOYMENT_TARGET = 8.1;
				MTL_ENABLE_DEBUG_INFO = YES;
				ONLY_ACTIVE_ARCH = YES;
				SDKROOT = iphoneos;
			};
			name = Debug;
		};
		F478EABE1AF3ADB20059218B /* Release */ = {
			isa = XCBuildConfiguration;
			buildSettings = {
				ALWAYS_SEARCH_USER_PATHS = NO;
				CLANG_CXX_LANGUAGE_STANDARD = "gnu++0x";
				CLANG_CXX_LIBRARY = "libc++";
				CLANG_ENABLE_MODULES = YES;
				CLANG_ENABLE_OBJC_ARC = YES;
				CLANG_WARN_BOOL_CONVERSION = YES;
				CLANG_WARN_CONSTANT_CONVERSION = YES;
				CLANG_WARN_DIRECT_OBJC_ISA_USAGE = YES_ERROR;
				CLANG_WARN_EMPTY_BODY = YES;
				CLANG_WARN_ENUM_CONVERSION = YES;
				CLANG_WARN_INT_CONVERSION = YES;
				CLANG_WARN_OBJC_ROOT_CLASS = YES_ERROR;
				CLANG_WARN_UNREACHABLE_CODE = YES;
				CLANG_WARN__DUPLICATE_METHOD_MATCH = YES;
				"CODE_SIGN_IDENTITY[sdk=iphoneos*]" = "iPhone Developer";
				COPY_PHASE_STRIP = YES;
				ENABLE_NS_ASSERTIONS = NO;
				ENABLE_STRICT_OBJC_MSGSEND = YES;
				GCC_C_LANGUAGE_STANDARD = gnu99;
				GCC_WARN_64_TO_32_BIT_CONVERSION = YES;
				GCC_WARN_ABOUT_RETURN_TYPE = YES_ERROR;
				GCC_WARN_UNDECLARED_SELECTOR = YES;
				GCC_WARN_UNINITIALIZED_AUTOS = YES_AGGRESSIVE;
				GCC_WARN_UNUSED_FUNCTION = YES;
				GCC_WARN_UNUSED_VARIABLE = YES;
				IPHONEOS_DEPLOYMENT_TARGET = 8.1;
				MTL_ENABLE_DEBUG_INFO = NO;
				SDKROOT = iphoneos;
				VALIDATE_PRODUCT = YES;
			};
			name = Release;
		};
		F478EAC01AF3ADB20059218B /* Debug */ = {
			isa = XCBuildConfiguration;
			buildSettings = {
				ASSETCATALOG_COMPILER_APPICON_NAME = AppIcon;
				INFOPLIST_FILE = ServiceLayerEx/Info.plist;
				LD_RUNPATH_SEARCH_PATHS = "$(inherited) @executable_path/Frameworks";
				PRODUCT_NAME = "$(TARGET_NAME)";
			};
			name = Debug;
		};
		F478EAC11AF3ADB20059218B /* Release */ = {
			isa = XCBuildConfiguration;
			buildSettings = {
				ASSETCATALOG_COMPILER_APPICON_NAME = AppIcon;
				INFOPLIST_FILE = ServiceLayerEx/Info.plist;
				LD_RUNPATH_SEARCH_PATHS = "$(inherited) @executable_path/Frameworks";
				PRODUCT_NAME = "$(TARGET_NAME)";
			};
			name = Release;
		};
		F478EAC31AF3ADB20059218B /* Debug */ = {
			isa = XCBuildConfiguration;
			buildSettings = {
				BUNDLE_LOADER = "$(TEST_HOST)";
				FRAMEWORK_SEARCH_PATHS = (
					"$(SDKROOT)/Developer/Library/Frameworks",
					"$(inherited)",
				);
				GCC_PREPROCESSOR_DEFINITIONS = (
					"DEBUG=1",
					"$(inherited)",
				);
				INFOPLIST_FILE = ServiceLayerExTests/Info.plist;
				LD_RUNPATH_SEARCH_PATHS = "$(inherited) @executable_path/Frameworks @loader_path/Frameworks";
				PRODUCT_NAME = "$(TARGET_NAME)";
				TEST_HOST = "$(BUILT_PRODUCTS_DIR)/ServiceLayerEx.app/ServiceLayerEx";
			};
			name = Debug;
		};
		F478EAC41AF3ADB20059218B /* Release */ = {
			isa = XCBuildConfiguration;
			buildSettings = {
				BUNDLE_LOADER = "$(TEST_HOST)";
				FRAMEWORK_SEARCH_PATHS = (
					"$(SDKROOT)/Developer/Library/Frameworks",
					"$(inherited)",
				);
				INFOPLIST_FILE = ServiceLayerExTests/Info.plist;
				LD_RUNPATH_SEARCH_PATHS = "$(inherited) @executable_path/Frameworks @loader_path/Frameworks";
				PRODUCT_NAME = "$(TARGET_NAME)";
				TEST_HOST = "$(BUILT_PRODUCTS_DIR)/ServiceLayerEx.app/ServiceLayerEx";
			};
			name = Release;
		};
/* End XCBuildConfiguration section */

/* Begin XCConfigurationList section */
		F478EA971AF3ADB10059218B /* Build configuration list for PBXProject "ServiceLayerEx" */ = {
			isa = XCConfigurationList;
			buildConfigurations = (
				F478EABD1AF3ADB20059218B /* Debug */,
				F478EABE1AF3ADB20059218B /* Release */,
			);
			defaultConfigurationIsVisible = 0;
			defaultConfigurationName = Release;
		};
		F478EABF1AF3ADB20059218B /* Build configuration list for PBXNativeTarget "ServiceLayerEx" */ = {
			isa = XCConfigurationList;
			buildConfigurations = (
				F478EAC01AF3ADB20059218B /* Debug */,
				F478EAC11AF3ADB20059218B /* Release */,
			);
			defaultConfigurationIsVisible = 0;
		};
		F478EAC21AF3ADB20059218B /* Build configuration list for PBXNativeTarget "ServiceLayerExTests" */ = {
			isa = XCConfigurationList;
			buildConfigurations = (
				F478EAC31AF3ADB20059218B /* Debug */,
				F478EAC41AF3ADB20059218B /* Release */,
			);
			defaultConfigurationIsVisible = 0;
		};
/* End XCConfigurationList section */
	};
	rootObject = F478EA941AF3ADB10059218B /* Project object */;
}
